
Microsoft Visual Studio Solution File, Format Version 12.00
# Visual Studio Version 17
VisualStudioVersion = 17.4.33110.190
MinimumVisualStudioVersion = 10.0.40219.1
Project("{FAE04EC0-301F-11D3-BF4B-00C04F79EFBC}") = "Test", "Test.csproj", "{21411F30-AE35-45CB-BB4E-027961C93FDF}"
EndProject
Global
	GlobalSection(SolutionConfigurationPlatforms) = preSolution
		Debug|Any CPU = Debug|Any CPU
		Release|Any CPU = Release|Any CPU
	EndGlobalSection
	GlobalSection(ProjectConfigurationPlatforms) = postSolution
		{21411F30-AE35-45CB-BB4E-027961C93FDF}.Debug|Any CPU.ActiveCfg = Debug|Any CPU
		{21411F30-AE35-45CB-BB4E-027961C93FDF}.Debug|Any CPU.Build.0 = Debug|Any CPU
		{21411F30-AE35-45CB-BB4E-027961C93FDF}.Release|Any CPU.ActiveCfg = Release|Any CPU
		{21411F30-AE35-45CB-BB4E-027961C93FDF}.Release|Any CPU.Build.0 = Release|Any CPU
	EndGlobalSection
	GlobalSection(SolutionProperties) = preSolution
		HideSolutionNode = FALSE
	EndGlobalSection
	GlobalSection(ExtensibilityGlobals) = postSolution
		SolutionGuid = {E88B3DD8-7015-45B6-B94B-43EBB4D548A0}
	EndGlobalSection
EndGlobal
